
Microsoft Visual Studio Solution File, Format Version 12.00
# Visual Studio Version 16
VisualStudioVersion = 16.0.29123.88
MinimumVisualStudioVersion = 10.0.40219.1
Project("{FAE04EC0-301F-11D3-BF4B-00C04F79EFBC}") = "WebApplication1", "WebApplication1\WebApplication1.csproj", "{2A4B5EB6-A21F-4EFC-82AE-23D228B5B3C6}"
EndProject
Global
	GlobalSection(SolutionConfigurationPlatforms) = preSolution
		Debug|Any CPU = Debug|Any CPU
		Release|Any CPU = Release|Any CPU
	EndGlobalSection
	GlobalSection(ProjectConfigurationPlatforms) = postSolution
		{2A4B5EB6-A21F-4EFC-82AE-23D228B5B3C6}.Debug|Any CPU.ActiveCfg = Debug|Any CPU
		{2A4B5EB6-A21F-4EFC-82AE-23D228B5B3C6}.Debug|Any CPU.Build.0 = Debug|Any CPU
		{2A4B5EB6-A21F-4EFC-82AE-23D228B5B3C6}.Release|Any CPU.ActiveCfg = Release|Any CPU
		{2A4B5EB6-A21F-4EFC-82AE-23D228B5B3C6}.Release|Any CPU.Build.0 = Release|Any CPU
	EndGlobalSection
	GlobalSection(SolutionProperties) = preSolution
		HideSolutionNode = FALSE
	EndGlobalSection
	GlobalSection(ExtensibilityGlobals) = postSolution
		SolutionGuid = {FCBAC344-CF41-447A-BD01-42268E5DBA8D}
	EndGlobalSection
EndGlobal
